# This file is automatically @generated by Cargo.
# It is not intended for manual editing.
version = 4

[[package]]
name = "anyhow"
version = "1.0.101"
source = "registry+https://github.com/rust-lang/crates.io-index"
checksum = "5f0e0fee31ef5ed1ba1316088939cea399010ed7731dba877ed44aeb407a75ea"

[[package]]
name = "backend-contract"
version = "0.1.0"
dependencies = [
 "thiserror",
]

[[package]]
name = "bitflags"
version = "2.11.0"
source = "registry+https://github.com/rust-lang/crates.io-index"
checksum = "843867be96c8daad0d758b57df9392b6d8d271134fce549de6ce169ff98a92af"

[[package]]
name = "bitstream-core"
version = "0.1.0"
dependencies = [
 "backend-contract",
]

[[package]]
name = "block"
version = "0.1.6"
source = "registry+https://github.com/rust-lang/crates.io-index"
checksum = "0d8c1fef690941d3e7788d328517591fecc684c084084702d6ff1641e993699a"

[[package]]
name = "cfg-if"
version = "1.0.4"
source = "registry+https://github.com/rust-lang/crates.io-index"
checksum = "9330f8b2ff13f34540b44e946ef35111825727b38d33286ef986142615121801"

[[package]]
name = "cgl"
version = "0.3.2"
source = "registry+https://github.com/rust-lang/crates.io-index"
checksum = "0ced0551234e87afee12411d535648dd89d2e7f34c78b753395567aff3d447ff"
dependencies = [
 "libc",
]

[[package]]
name = "core-audio-types"
version = "0.2.0"
source = "registry+https://github.com/rust-lang/crates.io-index"
checksum = "d2b5354d2dd3c98fe23ddceaf4a2a4d38756b72c950d8b71298c57af5bc1e293"
dependencies = [
 "cfg-if",
 "core-foundation-sys",
 "libc",
]

[[package]]
name = "core-foundation"
version = "0.10.1"
source = "registry+https://github.com/rust-lang/crates.io-index"
checksum = "b2a6cd9ae233e7f62ba4e9353e81a88df7fc8a5987b8d445b4d90c879bd156f6"
dependencies = [
 "core-foundation-sys",
 "libc",
]

[[package]]
name = "core-foundation-sys"
version = "0.8.7"
source = "registry+https://github.com/rust-lang/crates.io-index"
checksum = "773648b94d0e5d620f64f280777445740e61fe701025087ec8b57f45c791888b"

[[package]]
name = "core-graphics2"
version = "0.5.2"
source = "registry+https://github.com/rust-lang/crates.io-index"
checksum = "4416167a69126e617f8d0a214af0e3c1dbdeffcb100ddf72dcd1a1ac9893c146"
dependencies = [
 "bitflags",
 "block",
 "cfg-if",
 "core-foundation",
 "libc",
]

[[package]]
name = "core-media"
version = "0.7.1"
source = "registry+https://github.com/rust-lang/crates.io-index"
checksum = "32472110b234059f80a051526122cfd274661acf0ff932a2f18c70a570a10402"
dependencies = [
 "block",
 "cfg-if",
 "core-audio-types",
 "core-foundation",
 "core-graphics2",
 "core-video",
 "libc",
]

[[package]]
name = "core-video"
version = "0.5.2"
source = "registry+https://github.com/rust-lang/crates.io-index"
checksum = "139679cc63eb9504bdbe37e37874b0247136177655f0008588781e90863afa62"
dependencies = [
 "block",
 "core-foundation",
 "core-graphics2",
 "io-surface",
 "libc",
]

[[package]]
name = "io-surface"
version = "0.16.1"
source = "registry+https://github.com/rust-lang/crates.io-index"
checksum = "554b8c5d64ec09a3a520fe58e4d48a73e00ff32899cdcbe32a4877afd4968b8e"
dependencies = [
 "cgl",
 "core-foundation",
 "core-foundation-sys",
 "leaky-cow",
]

[[package]]
name = "leak"
version = "0.1.2"
source = "registry+https://github.com/rust-lang/crates.io-index"
checksum = "bd100e01f1154f2908dfa7d02219aeab25d0b9c7fa955164192e3245255a0c73"

[[package]]
name = "leaky-cow"
version = "0.1.1"
source = "registry+https://github.com/rust-lang/crates.io-index"
checksum = "40a8225d44241fd324a8af2806ba635fc7c8a7e9a7de4d5cf3ef54e71f5926fc"
dependencies = [
 "leak",
]

[[package]]
name = "libc"
version = "0.2.182"
source = "registry+https://github.com/rust-lang/crates.io-index"
checksum = "6800badb6cb2082ffd7b6a67e6125bb39f18782f793520caee8cb8846be06112"

[[package]]
name = "nvidia-backend"
version = "0.1.0"
dependencies = [
 "backend-contract",
 "bitstream-core",
]

[[package]]
name = "proc-macro2"
version = "1.0.106"
source = "registry+https://github.com/rust-lang/crates.io-index"
checksum = "8fd00f0bb2e90d81d1044c2b32617f68fcb9fa3bb7640c23e9c748e53fb30934"
dependencies = [
 "unicode-ident",
]

[[package]]
name = "quote"
version = "1.0.44"
source = "registry+https://github.com/rust-lang/crates.io-index"
checksum = "21b2ebcf727b7760c461f091f9f0f539b77b8e87f2fd88131e7f1b433b3cece4"
dependencies = [
 "proc-macro2",
]

[[package]]
name = "smoke-examples"
version = "0.1.0"
dependencies = [
 "anyhow",
 "backend-contract",
 "nvidia-backend",
 "vt-backend",
]

[[package]]
name = "syn"
version = "2.0.116"
source = "registry+https://github.com/rust-lang/crates.io-index"
checksum = "3df424c70518695237746f84cede799c9c58fcb37450d7b23716568cc8bc69cb"
dependencies = [
 "proc-macro2",
 "quote",
 "unicode-ident",
]

[[package]]
name = "thiserror"
version = "2.0.18"
source = "registry+https://github.com/rust-lang/crates.io-index"
checksum = "4288b5bcbc7920c07a1149a35cf9590a2aa808e0bc1eafaade0b80947865fbc4"
dependencies = [
 "thiserror-impl",
]

[[package]]
name = "thiserror-impl"
version = "2.0.18"
source = "registry+https://github.com/rust-lang/crates.io-index"
checksum = "ebc4ee7f67670e9b64d05fa4253e753e016c6c95ff35b89b7941d6b856dec1d5"
dependencies = [
 "proc-macro2",
 "quote",
 "syn",
]

[[package]]
name = "unicode-ident"
version = "1.0.24"
source = "registry+https://github.com/rust-lang/crates.io-index"
checksum = "e6e4313cd5fcd3dad5cafa179702e2b244f760991f45397d14d4ebf38247da75"

[[package]]
name = "video-toolbox"
version = "0.2.1"
source = "registry+https://github.com/rust-lang/crates.io-index"
checksum = "58c41669c96e71b0d444889eed81486663170023fc931699dffd088f7765fbaa"
dependencies = [
 "bitflags",
 "block",
 "core-foundation",
 "core-graphics2",
 "core-media",
 "core-video",
 "libc",
]

[[package]]
name = "vt-backend"
version = "0.1.0"
dependencies = [
 "backend-contract",
 "bitstream-core",
 "core-foundation",
 "core-media",
 "core-video",
 "video-toolbox",
]
